Microsoft Visual Studio Solution File, Format Version 12.00
# Visual Studio Version 17
VisualStudioVersion = 17.5.020.0
MinimumVisualStudioVersion = 10.0.40219.1
Project("{9A19103F-16F7-4668-BE54-9A4E17AF7556}") = "backend", "backend\backend.csproj", "{F6F215E9-29A2-4D20-86A1-E4C8760DCC59}"
EndProject
Global
  GlobalSection(SolutionConfigurationPlatforms) = preSolution
    Debug|Any CPU = Debug|Any CPU
    Release|Any CPU = Release|Any CPU
  EndGlobalSection
  GlobalSection(ProjectConfigurationPlatforms) = postSolution
    {F6F215E9-29A2-4D20-86A1-E4C8760DCC59}.Debug|Any CPU.ActiveCfg = Debug|Any CPU
    {F6F215E9-29A2-4D20-86A1-E4C8760DCC59}.Debug|Any CPU.Build.0 = Debug|Any CPU
    {F6F215E9-29A2-4D20-86A1-E4C8760DCC59}.Release|Any CPU.ActiveCfg = Release|Any CPU
    {F6F215E9-29A2-4D20-86A1-E4C8760DCC59}.Release|Any CPU.Build.0 = Release|Any CPU
  EndGlobalSection
  GlobalSection(SolutionProperties) = preSolution
    HideSolutionNode = FALSE
  EndGlobalSection
  GlobalSection(ExtensibilityGlobals) = postSolution
    SolutionGuid = {D0F3A44D-4300-46B7-B90A-1B55959CF7A3}
  EndGlobalSection
EndGlobal
